
Microsoft Visual Studio Solution File, Format Version 12.00
# Visual Studio Version 17
VisualStudioVersion = 17.9.34728.123
MinimumVisualStudioVersion = 10.0.40219.1
Project("{FAE04EC0-301F-11D3-BF4B-00C04F79EFBC}") = "Monopoly2", "Monopoly2\Monopoly2.csproj", "{7E67F415-F72D-4A54-BA09-386159A15587}"
EndProject
Global
	GlobalSection(SolutionConfigurationPlatforms) = preSolution
		Debug|Any CPU = Debug|Any CPU
		Release|Any CPU = Release|Any CPU
	EndGlobalSection
	GlobalSection(ProjectConfigurationPlatforms) = postSolution
		{7E67F415-F72D-4A54-BA09-386159A15587}.Debug|Any CPU.ActiveCfg = Debug|Any CPU
		{7E67F415-F72D-4A54-BA09-386159A15587}.Debug|Any CPU.Build.0 = Debug|Any CPU
		{7E67F415-F72D-4A54-BA09-386159A15587}.Release|Any CPU.ActiveCfg = Release|Any CPU
		{7E67F415-F72D-4A54-BA09-386159A15587}.Release|Any CPU.Build.0 = Release|Any CPU
	EndGlobalSection
	GlobalSection(SolutionProperties) = preSolution
		HideSolutionNode = FALSE
	EndGlobalSection
	GlobalSection(ExtensibilityGlobals) = postSolution
		SolutionGuid = {425E5253-E4B7-41F0-A1DF-73E340556D9D}
	EndGlobalSection
EndGlobal
